
Microsoft Visual Studio Solution File, Format Version 12.00
# Visual Studio Version 17
VisualStudioVersion = 17.3.32819.101
MinimumVisualStudioVersion = 10.0.40219.1
Project("{9A19103F-16F7-4668-BE54-9A1E7A4F7556}") = "ServerlessFuncs", "ServerlessFuncs\ServerlessFuncs.csproj", "{96FF3787-3539-4B17-BABD-227DA64A05C0}"
EndProject
Project("{2150E333-8FDC-42A3-9474-1A3956D46DE8}") = "Solution Items", "Solution Items", "{6E1B3A5C-4E50-4A66-95AA-FE0E86F18A65}"
	ProjectSection(SolutionItems) = preProject
		README.md = README.md
	EndProjectSection
EndProject
Project("{E24C65DC-7377-472B-9ABA-BC803B73C61A}") = "TodoWebSite", "TodoWebSite\", "{EF27782B-6C35-4681-A523-8C63291E56C5}"
	ProjectSection(WebsiteProperties) = preProject
		TargetFrameworkMoniker = ".NETFramework,Version%3Dv4.0"
		Debug.AspNetCompiler.VirtualPath = "/localhost_57281"
		Debug.AspNetCompiler.PhysicalPath = "TodoWebSite\"
		Debug.AspNetCompiler.TargetPath = "PrecompiledWeb\localhost_57281\"
		Debug.AspNetCompiler.Updateable = "true"
		Debug.AspNetCompiler.ForceOverwrite = "true"
		Debug.AspNetCompiler.FixedNames = "false"
		Debug.AspNetCompiler.Debug = "True"
		Release.AspNetCompiler.VirtualPath = "/localhost_57281"
		Release.AspNetCompiler.PhysicalPath = "TodoWebSite\"
		Release.AspNetCompiler.TargetPath = "PrecompiledWeb\localhost_57281\"
		Release.AspNetCompiler.Updateable = "true"
		Release.AspNetCompiler.ForceOverwrite = "true"
		Release.AspNetCompiler.FixedNames = "false"
		Release.AspNetCompiler.Debug = "False"
		VWDPort = "57281"
	EndProjectSection
EndProject
Global
	GlobalSection(SolutionConfigurationPlatforms) = preSolution
		Debug|Any CPU = Debug|Any CPU
		Release|Any CPU = Release|Any CPU
	EndGlobalSection
	GlobalSection(ProjectConfigurationPlatforms) = postSolution
		{96FF3787-3539-4B17-BABD-227DA64A05C0}.Debug|Any CPU.ActiveCfg = Debug|Any CPU
		{96FF3787-3539-4B17-BABD-227DA64A05C0}.Debug|Any CPU.Build.0 = Debug|Any CPU
		{96FF3787-3539-4B17-BABD-227DA64A05C0}.Release|Any CPU.ActiveCfg = Release|Any CPU
		{96FF3787-3539-4B17-BABD-227DA64A05C0}.Release|Any CPU.Build.0 = Release|Any CPU
		{EF27782B-6C35-4681-A523-8C63291E56C5}.Debug|Any CPU.ActiveCfg = Debug|Any CPU
		{EF27782B-6C35-4681-A523-8C63291E56C5}.Debug|Any CPU.Build.0 = Debug|Any CPU
		{EF27782B-6C35-4681-A523-8C63291E56C5}.Release|Any CPU.ActiveCfg = Debug|Any CPU
		{EF27782B-6C35-4681-A523-8C63291E56C5}.Release|Any CPU.Build.0 = Debug|Any CPU
	EndGlobalSection
	GlobalSection(SolutionProperties) = preSolution
		HideSolutionNode = FALSE
	EndGlobalSection
	GlobalSection(ExtensibilityGlobals) = postSolution
		SolutionGuid = {C566897E-E437-42FD-9DA3-712FCCB28385}
	EndGlobalSection
EndGlobal
